
Microsoft Visual Studio Solution File, Format Version 12.00
# Visual Studio Version 16
VisualStudioVersion = 16.0.31515.178
MinimumVisualStudioVersion = 10.0.40219.1
Project("{FAE04EC0-301F-11D3-BF4B-00C04F79EFBC}") = "pa_exercicio_cotacao_moedas", "pa_exercicio_cotacao_moedas\pa_exercicio_cotacao_moedas.csproj", "{A40F7DDE-6062-41A2-937D-4106C16B87EB}"
EndProject
Global
	GlobalSection(SolutionConfigurationPlatforms) = preSolution
		Debug|Any CPU = Debug|Any CPU
		Release|Any CPU = Release|Any CPU
	EndGlobalSection
	GlobalSection(ProjectConfigurationPlatforms) = postSolution
		{A40F7DDE-6062-41A2-937D-4106C16B87EB}.Debug|Any CPU.ActiveCfg = Debug|Any CPU
		{A40F7DDE-6062-41A2-937D-4106C16B87EB}.Debug|Any CPU.Build.0 = Debug|Any CPU
		{A40F7DDE-6062-41A2-937D-4106C16B87EB}.Release|Any CPU.ActiveCfg = Release|Any CPU
		{A40F7DDE-6062-41A2-937D-4106C16B87EB}.Release|Any CPU.Build.0 = Release|Any CPU
	EndGlobalSection
	GlobalSection(SolutionProperties) = preSolution
		HideSolutionNode = FALSE
	EndGlobalSection
	GlobalSection(ExtensibilityGlobals) = postSolution
		SolutionGuid = {1640BC39-ACED-45F8-837E-C0DC982C8BBF}
	EndGlobalSection
EndGlobal
